{
  "name": "constant-checker",
  "version": "1.0.1",
  "lockfileVersion": 1,
  "requires": true,
  "dependencies": {
    "esm": {
      "version": "3.2.25",
      "resolved": "https://centricsoftware.jfrog.io/centricsoftware/api/npm/npm/esm/-/esm-3.2.25.tgz",
      "integrity": "sha1-NCwYwp1WFXaIulzjH4Qx+7eVzBA="
    },
    "foreachasync": {
      "version": "3.0.0",
      "resolved": "https://centricsoftware.jfrog.io/centricsoftware/api/npm/npm/foreachasync/-/foreachasync-3.0.0.tgz",
      "integrity": "sha1-VQKYfchxS+M5IJfzLgBxyd7gfPY="
    },
    "lodash": {
      "version": "4.17.15",
      "resolved": "https://centricsoftware.jfrog.io/centricsoftware/api/npm/npm/lodash/-/lodash-4.17.15.tgz",
      "integrity": "sha1-tEf2ZwoEVbv+7dETku/zMOoJdUg="
    },
    "path": {
      "version": "0.12.7",
      "resolved": "https://centricsoftware.jfrog.io/centricsoftware/api/npm/npm/path/-/path-0.12.7.tgz",
      "integrity": "sha1-1NwqUGxM4hl+tIHr/NWzbAFAsQ8=",
      "requires": {
        "process": "^0.11.1",
        "util": "^0.10.3"
      }
    },
    "process": {
      "version": "0.11.10",
      "resolved": "https://centricsoftware.jfrog.io/centricsoftware/api/npm/npm/process/-/process-0.11.10.tgz",
      "integrity": "sha1-czIwDoQBYb2j5podHZGn1LwW8YI="
    },
    "util": {
      "version": "0.10.4",
      "resolved": "https://centricsoftware.jfrog.io/centricsoftware/api/npm/npm/util/-/util-0.10.4.tgz",
      "integrity": "sha1-OqASW/5mikZy3liFfTrOJ+y3aQE=",
      "requires": {
        "inherits": "2.0.3"
      },
      "dependencies": {
        "inherits": {
          "version": "2.0.3",
          "resolved": "https://centricsoftware.jfrog.io/centricsoftware/api/npm/npm/inherits/-/inherits-2.0.3.tgz",
          "integrity": "sha1-Yzwsg+PaQqUC9SRmAiSA9CCCYd4="
        }
      }
    },
    "walk": {
      "version": "2.3.14",
      "resolved": "https://centricsoftware.jfrog.io/centricsoftware/api/npm/npm/walk/-/walk-2.3.14.tgz",
      "integrity": "sha1-YOyGMc/SMnauHnNjzhHWJkUuHvM=",
      "requires": {
        "foreachasync": "^3.0.0"
      }
    }
  }
}
